// !$*UTF8*$!
{
	archiveVersion = 1;
	classes = {
	};
	objectVersion = 46;
	objects = {

/* Begin PBXBuildFile section */
		965B220A1C155A37004053AC /* AppDelegate.swift in Sources */ = {isa = PBXBuildFile; fileRef = 965B22091C155A37004053AC /* AppDelegate.swift */; };
		965B220C1C155A37004053AC /* ViewController.swift in Sources */ = {isa = PBXBuildFile; fileRef = 965B220B1C155A37004053AC /* ViewController.swift */; };
		965B220F1C155A37004053AC /* Main.storyboard in Resources */ = {isa = PBXBuildFile; fileRef = 965B220D1C155A37004053AC /* Main.storyboard */; };
		965B22111C155A37004053AC /* Assets.xcassets in Resources */ = {isa = PBXBuildFile; fileRef = 965B22101C155A37004053AC /* Assets.xcassets */; };
		965B22141C155A37004053AC /* LaunchScreen.storyboard in Resources */ = {isa = PBXBuildFile; fileRef = 965B22121C155A37004053AC /* LaunchScreen.storyboard */; };
		965B221F1C155A37004053AC /* Tip_CalculatorTests.swift in Sources */ = {isa = PBXBuildFile; fileRef = 965B221E1C155A37004053AC /* Tip_CalculatorTests.swift */; };
		965B222A1C155A37004053AC /* Tip_CalculatorUITests.swift in Sources */ = {isa = PBXBuildFile; fileRef = 965B22291C155A37004053AC /* Tip_CalculatorUITests.swift */; };
/* End PBXBuildFile section */

/* Begin PBXContainerItemProxy section */
		965B221B1C155A37004053AC /* PBXContainerItemProxy */ = {
			isa = PBXContainerItemProxy;
			containerPortal = 965B21FE1C155A37004053AC /* Project object */;
			proxyType = 1;
			remoteGlobalIDString = 965B22051C155A37004053AC;
			remoteInfo = "Tip Calculator";
		};
		965B22261C155A37004053AC /* PBXContainerItemProxy */ = {
			isa = PBXContainerItemProxy;
			containerPortal = 965B21FE1C155A37004053AC /* Project object */;
			proxyType = 1;
			remoteGlobalIDString = 965B22051C155A37004053AC;
			remoteInfo = "Tip Calculator";
		};
/* End PBXContainerItemProxy section */

/* Begin PBXFileReference section */
		965B22061C155A37004053AC /* Tip Calculator.app */ = {isa = PBXFileReference; explicitFileType = wrapper.application; includeInIndex = 0; path = "Tip Calculator.app"; sourceTree = BUILT_PRODUCTS_DIR; };
		965B22091C155A37004053AC /* AppDelegate.swift */ = {isa = PBXFileReference; lastKnownFileType = sourcecode.swift; path = AppDelegate.swift; sourceTree = "<group>"; };
		965B220B1C155A37004053AC /* ViewController.swift */ = {isa = PBXFileReference; lastKnownFileType = sourcecode.swift; path = ViewController.swift; sourceTree = "<group>"; };
		965B220E1C155A37004053AC /* Base */ = {isa = PBXFileReference; lastKnownFileType = file.storyboard; name = Base; path = Base.lproj/Main.storyboard; sourceTree = "<group>"; };
		965B22101C155A37004053AC /* Assets.xcassets */ = {isa = PBXFileReference; lastKnownFileType = folder.assetcatalog; path = Assets.xcassets; sourceTree = "<group>"; };
		965B22131C155A37004053AC /* Base */ = {isa = PBXFileReference; lastKnownFileType = file.storyboard; name = Base; path = Base.lproj/LaunchScreen.storyboard; sourceTree = "<group>"; };
		965B22151C155A37004053AC /* Info.plist */ = {isa = PBXFileReference; lastKnownFileType = text.plist.xml; path = Info.plist; sourceTree = "<group>"; };
		965B221A1C155A37004053AC /* Tip CalculatorTests.xctest */ = {isa = PBXFileReference; explicitFileType = wrapper.cfbundle; includeInIndex = 0; path = "Tip CalculatorTests.xctest"; sourceTree = BUILT_PRODUCTS_DIR; };
		965B221E1C155A37004053AC /* Tip_CalculatorTests.swift */ = {isa = PBXFileReference; lastKnownFileType = sourcecode.swift; path = Tip_CalculatorTests.swift; sourceTree = "<group>"; };
		965B22201C155A37004053AC /* Info.plist */ = {isa = PBXFileReference; lastKnownFileType = text.plist.xml; path = Info.plist; sourceTree = "<group>"; };
		965B22251C155A37004053AC /* Tip CalculatorUITests.xctest */ = {isa = PBXFileReference; explicitFileType = wrapper.cfbundle; includeInIndex = 0; path = "Tip CalculatorUITests.xctest"; sourceTree = BUILT_PRODUCTS_DIR; };
		965B22291C155A37004053AC /* Tip_CalculatorUITests.swift */ = {isa = PBXFileReference; lastKnownFileType = sourcecode.swift; path = Tip_CalculatorUITests.swift; sourceTree = "<group>"; };
		965B222B1C155A37004053AC /* Info.plist */ = {isa = PBXFileReference; lastKnownFileType = text.plist.xml; path = Info.plist; sourceTree = "<group>"; };
/* End PBXFileReference section */

/* Begin PBXFrameworksBuildPhase section */
		965B22031C155A37004053AC /* Frameworks */ = {
			isa = PBXFrameworksBuildPhase;
			buildActionMask = 2147483647;
			files = (
			);
			runOnlyForDeploymentPostprocessing = 0;
		};
		965B22171C155A37004053AC /* Frameworks */ = {
			isa = PBXFrameworksBuildPhase;
			buildActionMask = 2147483647;
			files = (
			);
			runOnlyForDeploymentPostprocessing = 0;
		};
		965B22221C155A37004053AC /* Frameworks */ = {
			isa = PBXFrameworksBuildPhase;
			buildActionMask = 2147483647;
			files = (
			);
			runOnlyForDeploymentPostprocessing = 0;
		};
/* End PBXFrameworksBuildPhase section */

/* Begin PBXGroup section */
		965B21FD1C155A37004053AC = {
			isa = PBXGroup;
			children = (
				965B22081C155A37004053AC /* Tip Calculator */,
				965B221D1C155A37004053AC /* Tip CalculatorTests */,
				965B22281C155A37004053AC /* Tip CalculatorUITests */,
				965B22071C155A37004053AC /* Products */,
			);
			sourceTree = "<group>";
		};
		965B22071C155A37004053AC /* Products */ = {
			isa = PBXGroup;
			children = (
				965B22061C155A37004053AC /* Tip Calculator.app */,
				965B221A1C155A37004053AC /* Tip CalculatorTests.xctest */,
				965B22251C155A37004053AC /* Tip CalculatorUITests.xctest */,
			);
			name = Products;
			sourceTree = "<group>";
		};
		965B22081C155A37004053AC /* Tip Calculator */ = {
			isa = PBXGroup;
			children = (
				965B22091C155A37004053AC /* AppDelegate.swift */,
				965B220B1C155A37004053AC /* ViewController.swift */,
				965B220D1C155A37004053AC /* Main.storyboard */,
				965B22101C155A37004053AC /* Assets.xcassets */,
				965B22121C155A37004053AC /* LaunchScreen.storyboard */,
				965B22151C155A37004053AC /* Info.plist */,
			);
			path = "Tip Calculator";
			sourceTree = "<group>";
		};
		965B221D1C155A37004053AC /* Tip CalculatorTests */ = {
			isa = PBXGroup;
			children = (
				965B221E1C155A37004053AC /* Tip_CalculatorTests.swift */,
				965B22201C155A37004053AC /* Info.plist */,
			);
			path = "Tip CalculatorTests";
			sourceTree = "<group>";
		};
		965B22281C155A37004053AC /* Tip CalculatorUITests */ = {
			isa = PBXGroup;
			children = (
				965B22291C155A37004053AC /* Tip_CalculatorUITests.swift */,
				965B222B1C155A37004053AC /* Info.plist */,
			);
			path = "Tip CalculatorUITests";
			sourceTree = "<group>";
		};
/* End PBXGroup section */

/* Begin PBXNativeTarget section */
		965B22051C155A37004053AC /* Tip Calculator */ = {
			isa = PBXNativeTarget;
			buildConfigurationList = 965B222E1C155A37004053AC /* Build configuration list for PBXNativeTarget "Tip Calculator" */;
			buildPhases = (
				965B22021C155A37004053AC /* Sources */,
				965B22031C155A37004053AC /* Frameworks */,
				965B22041C155A37004053AC /* Resources */,
			);
			buildRules = (
			);
			dependencies = (
			);
			name = "Tip Calculator";
			productName = "Tip Calculator";
			productReference = 965B22061C155A37004053AC /* Tip Calculator.app */;
			productType = "com.apple.product-type.application";
		};
		965B22191C155A37004053AC /* Tip CalculatorTests */ = {
			isa = PBXNativeTarget;
			buildConfigurationList = 965B22311C155A37004053AC /* Build configuration list for PBXNativeTarget "Tip CalculatorTests" */;
			buildPhases = (
				965B22161C155A37004053AC /* Sources */,
				965B22171C155A37004053AC /* Frameworks */,
				965B22181C155A37004053AC /* Resources */,
			);
			buildRules = (
			);
			dependencies = (
				965B221C1C155A37004053AC /* PBXTargetDependency */,
			);
			name = "Tip CalculatorTests";
			productName = "Tip CalculatorTests";
			productReference = 965B221A1C155A37004053AC /* Tip CalculatorTests.xctest */;
			productType = "com.apple.product-type.bundle.unit-test";
		};
		965B22241C155A37004053AC /* Tip CalculatorUITests */ = {
			isa = PBXNativeTarget;
			buildConfigurationList = 965B22341C155A37004053AC /* Build configuration list for PBXNativeTarget "Tip CalculatorUITests" */;
			buildPhases = (
				965B22211C155A37004053AC /* Sources */,
				965B22221C155A37004053AC /* Frameworks */,
				965B22231C155A37004053AC /* Resources */,
			);
			buildRules = (
			);
			dependencies = (
				965B22271C155A37004053AC /* PBXTargetDependency */,
			);
			name = "Tip CalculatorUITests";
			productName = "Tip CalculatorUITests";
			productReference = 965B22251C155A37004053AC /* Tip CalculatorUITests.xctest */;
			productType = "com.apple.product-type.bundle.ui-testing";
		};
/* End PBXNativeTarget section */

/* Begin PBXProject section */
		965B21FE1C155A37004053AC /* Project object */ = {
			isa = PBXProject;
			attributes = {
				LastSwiftUpdateCheck = 0710;
				LastUpgradeCheck = 0710;
				ORGANIZATIONNAME = "Rian Walker";
				TargetAttributes = {
					965B22051C155A37004053AC = {
						CreatedOnToolsVersion = 7.1.1;
					};
					965B22191C155A37004053AC = {
						CreatedOnToolsVersion = 7.1.1;
						TestTargetID = 965B22051C155A37004053AC;
					};
					965B22241C155A37004053AC = {
						CreatedOnToolsVersion = 7.1.1;
						TestTargetID = 965B22051C155A37004053AC;
					};
				};
			};
			buildConfigurationList = 965B22011C155A37004053AC /* Build configuration list for PBXProject "Tip Calculator" */;
			compatibilityVersion = "Xcode 3.2";
			developmentRegion = English;
			hasScannedForEncodings = 0;
			knownRegions = (
				en,
				Base,
			);
			mainGroup = 965B21FD1C155A37004053AC;
			productRefGroup = 965B22071C155A37004053AC /* Products */;
			projectDirPath = "";
			projectRoot = "";
			targets = (
				965B22051C155A37004053AC /* Tip Calculator */,
				965B22191C155A37004053AC /* Tip CalculatorTests */,
				965B22241C155A37004053AC /* Tip CalculatorUITests */,
			);
		};
/* End PBXProject section */

/* Begin PBXResourcesBuildPhase section */
		965B22041C155A37004053AC /* Resources */ = {
			isa = PBXResourcesBuildPhase;
			buildActionMask = 2147483647;
			files = (
				965B22141C155A37004053AC /* LaunchScreen.storyboard in Resources */,
				965B22111C155A37004053AC /* Assets.xcassets in Resources */,
				965B220F1C155A37004053AC /* Main.storyboard in Resources */,
			);
			runOnlyForDeploymentPostprocessing = 0;
		};
		965B22181C155A37004053AC /* Resources */ = {
			isa = PBXResourcesBuildPhase;
			buildActionMask = 2147483647;
			files = (
			);
			runOnlyForDeploymentPostprocessing = 0;
		};
		965B22231C155A37004053AC /* Resources */ = {
			isa = PBXResourcesBuildPhase;
			buildActionMask = 2147483647;
			files = (
			);
			runOnlyForDeploymentPostprocessing = 0;
		};
/* End PBXResourcesBuildPhase section */

/* Begin PBXSourcesBuildPhase section */
		965B22021C155A37004053AC /* Sources */ = {
			isa = PBXSourcesBuildPhase;
			buildActionMask = 2147483647;
			files = (
				965B220C1C155A37004053AC /* ViewController.swift in Sources */,
				965B220A1C155A37004053AC /* AppDelegate.swift in Sources */,
			);
			runOnlyForDeploymentPostprocessing = 0;
		};
		965B22161C155A37004053AC /* Sources */ = {
			isa = PBXSourcesBuildPhase;
			buildActionMask = 2147483647;
			files = (
				965B221F1C155A37004053AC /* Tip_CalculatorTests.swift in Sources */,
			);
			runOnlyForDeploymentPostprocessing = 0;
		};
		965B22211C155A37004053AC /* Sources */ = {
			isa = PBXSourcesBuildPhase;
			buildActionMask = 2147483647;
			files = (
				965B222A1C155A37004053AC /* Tip_CalculatorUITests.swift in Sources */,
			);
			runOnlyForDeploymentPostprocessing = 0;
		};
/* End PBXSourcesBuildPhase section */

/* Begin PBXTargetDependency section */
		965B221C1C155A37004053AC /* PBXTargetDependency */ = {
			isa = PBXTargetDependency;
			target = 965B22051C155A37004053AC /* Tip Calculator */;
			targetProxy = 965B221B1C155A37004053AC /* PBXContainerItemProxy */;
		};
		965B22271C155A37004053AC /* PBXTargetDependency */ = {
			isa = PBXTargetDependency;
			target = 965B22051C155A37004053AC /* Tip Calculator */;
			targetProxy = 965B22261C155A37004053AC /* PBXContainerItemProxy */;
		};
/* End PBXTargetDependency section */

/* Begin PBXVariantGroup section */
		965B220D1C155A37004053AC /* Main.storyboard */ = {
			isa = PBXVariantGroup;
			children = (
				965B220E1C155A37004053AC /* Base */,
			);
			name = Main.storyboard;
			sourceTree = "<group>";
		};
		965B22121C155A37004053AC /* LaunchScreen.storyboard */ = {
			isa = PBXVariantGroup;
			children = (
				965B22131C155A37004053AC /* Base */,
			);
			name = LaunchScreen.storyboard;
			sourceTree = "<group>";
		};
/* End PBXVariantGroup section */

/* Begin XCBuildConfiguration section */
		965B222C1C155A37004053AC /* Debug */ = {
			isa = XCBuildConfiguration;
			buildSettings = {
				ALWAYS_SEARCH_USER_PATHS = NO;
				CLANG_CXX_LANGUAGE_STANDARD = "gnu++0x";
				CLANG_CXX_LIBRARY = "libc++";
				CLANG_ENABLE_MODULES = YES;
				CLANG_ENABLE_OBJC_ARC = YES;
				CLANG_WARN_BOOL_CONVERSION = YES;
				CLANG_WARN_CONSTANT_CONVERSION = YES;
				CLANG_WARN_DIRECT_OBJC_ISA_USAGE = YES_ERROR;
				CLANG_WARN_EMPTY_BODY = YES;
				CLANG_WARN_ENUM_CONVERSION = YES;
				CLANG_WARN_INT_CONVERSION = YES;
				CLANG_WARN_OBJC_ROOT_CLASS = YES_ERROR;
				CLANG_WARN_UNREACHABLE_CODE = YES;
				CLANG_WARN__DUPLICATE_METHOD_MATCH = YES;
				"CODE_SIGN_IDENTITY[sdk=iphoneos*]" = "iPhone Developer";
				COPY_PHASE_STRIP = NO;
				DEBUG_INFORMATION_FORMAT = dwarf;
				ENABLE_STRICT_OBJC_MSGSEND = YES;
				ENABLE_TESTABILITY = YES;
				GCC_C_LANGUAGE_STANDARD = gnu99;
				GCC_DYNAMIC_NO_PIC = NO;
				GCC_NO_COMMON_BLOCKS = YES;
				GCC_OPTIMIZATION_LEVEL = 0;
				GCC_PREPROCESSOR_DEFINITIONS = (
					"DEBUG=1",
					"$(inherited)",
				);
				GCC_WARN_64_TO_32_BIT_CONVERSION = YES;
				GCC_WARN_ABOUT_RETURN_TYPE = YES_ERROR;
				GCC_WARN_UNDECLARED_SELECTOR = YES;
				GCC_WARN_UNINITIALIZED_AUTOS = YES_AGGRESSIVE;
				GCC_WARN_UNUSED_FUNCTION = YES;
				GCC_WARN_UNUSED_VARIABLE = YES;
				IPHONEOS_DEPLOYMENT_TARGET = 9.1;
				MTL_ENABLE_DEBUG_INFO = YES;
				ONLY_ACTIVE_ARCH = YES;
				SDKROOT = iphoneos;
				SWIFT_OPTIMIZATION_LEVEL = "-Onone";
			};
			name = Debug;
		};
		965B222D1C155A37004053AC /* Release */ = {
			isa = XCBuildConfiguration;
			buildSettings = {
				ALWAYS_SEARCH_USER_PATHS = NO;
				CLANG_CXX_LANGUAGE_STANDARD = "gnu++0x";
				CLANG_CXX_LIBRARY = "libc++";
				CLANG_ENABLE_MODULES = YES;
				CLANG_ENABLE_OBJC_ARC = YES;
				CLANG_WARN_BOOL_CONVERSION = YES;
				CLANG_WARN_CONSTANT_CONVERSION = YES;
				CLANG_WARN_DIRECT_OBJC_ISA_USAGE = YES_ERROR;
				CLANG_WARN_EMPTY_BODY = YES;
				CLANG_WARN_ENUM_CONVERSION = YES;
				CLANG_WARN_INT_CONVERSION = YES;
				CLANG_WARN_OBJC_ROOT_CLASS = YES_ERROR;
				CLANG_WARN_UNREACHABLE_CODE = YES;
				CLANG_WARN__DUPLICATE_METHOD_MATCH = YES;
				"CODE_SIGN_IDENTITY[sdk=iphoneos*]" = "iPhone Developer";
				COPY_PHASE_STRIP = NO;
				DEBUG_INFORMATION_FORMAT = "dwarf-with-dsym";
				ENABLE_NS_ASSERTIONS = NO;
				ENABLE_STRICT_OBJC_MSGSEND = YES;
				GCC_C_LANGUAGE_STANDARD = gnu99;
				GCC_NO_COMMON_BLOCKS = YES;
				GCC_WARN_64_TO_32_BIT_CONVERSION = YES;
				GCC_WARN_ABOUT_RETURN_TYPE = YES_ERROR;
				GCC_WARN_UNDECLARED_SELECTOR = YES;
				GCC_WARN_UNINITIALIZED_AUTOS = YES_AGGRESSIVE;
				GCC_WARN_UNUSED_FUNCTION = YES;
				GCC_WARN_UNUSED_VARIABLE = YES;
				IPHONEOS_DEPLOYMENT_TARGET = 9.1;
				MTL_ENABLE_DEBUG_INFO = NO;
				SDKROOT = iphoneos;
				VALIDATE_PRODUCT = YES;
			};
			name = Release;
		};
		965B222F1C155A37004053AC /* Debug */ = {
			isa = XCBuildConfiguration;
			buildSettings = {
				ASSETCATALOG_COMPILER_APPICON_NAME = AppIcon;
				INFOPLIST_FILE = "Tip Calculator/Info.plist";
				LD_RUNPATH_SEARCH_PATHS = "$(inherited) @executable_path/Frameworks";
				PRODUCT_BUNDLE_IDENTIFIER = "Codepath.Tip-Calculator";
				PRODUCT_NAME = "$(TARGET_NAME)";
			};
			name = Debug;
		};
		965B22301C155A37004053AC /* Release */ = {
			isa = XCBuildConfiguration;
			buildSettings = {
				ASSETCATALOG_COMPILER_APPICON_NAME = AppIcon;
				INFOPLIST_FILE = "Tip Calculator/Info.plist";
				LD_RUNPATH_SEARCH_PATHS = "$(inherited) @executable_path/Frameworks";
				PRODUCT_BUNDLE_IDENTIFIER = "Codepath.Tip-Calculator";
				PRODUCT_NAME = "$(TARGET_NAME)";
			};
			name = Release;
		};
		965B22321C155A37004053AC /* Debug */ = {
			isa = XCBuildConfiguration;
			buildSettings = {
				BUNDLE_LOADER = "$(TEST_HOST)";
				INFOPLIST_FILE = "Tip CalculatorTests/Info.plist";
				LD_RUNPATH_SEARCH_PATHS = "$(inherited) @executable_path/Frameworks @loader_path/Frameworks";
				PRODUCT_BUNDLE_IDENTIFIER = "Codepath.Tip-CalculatorTests";
				PRODUCT_NAME = "$(TARGET_NAME)";
				TEST_HOST = "$(BUILT_PRODUCTS_DIR)/Tip Calculator.app/Tip Calculator";
			};
			name = Debug;
		};
		965B22331C155A37004053AC /* Release */ = {
			isa = XCBuildConfiguration;
			buildSettings = {
				BUNDLE_LOADER = "$(TEST_HOST)";
				INFOPLIST_FILE = "Tip CalculatorTests/Info.plist";
				LD_RUNPATH_SEARCH_PATHS = "$(inherited) @executable_path/Frameworks @loader_path/Frameworks";
				PRODUCT_BUNDLE_IDENTIFIER = "Codepath.Tip-CalculatorTests";
				PRODUCT_NAME = "$(TARGET_NAME)";
				TEST_HOST = "$(BUILT_PRODUCTS_DIR)/Tip Calculator.app/Tip Calculator";
			};
			name = Release;
		};
		965B22351C155A37004053AC /* Debug */ = {
			isa = XCBuildConfiguration;
			buildSettings = {
				INFOPLIST_FILE = "Tip CalculatorUITests/Info.plist";
				LD_RUNPATH_SEARCH_PATHS = "$(inherited) @executable_path/Frameworks @loader_path/Frameworks";
				PRODUCT_BUNDLE_IDENTIFIER = "Codepath.Tip-CalculatorUITests";
				PRODUCT_NAME = "$(TARGET_NAME)";
				TEST_TARGET_NAME = "Tip Calculator";
				USES_XCTRUNNER = YES;
			};
			name = Debug;
		};
		965B22361C155A37004053AC /* Release */ = {
			isa = XCBuildConfiguration;
			buildSettings = {
				INFOPLIST_FILE = "Tip CalculatorUITests/Info.plist";
				LD_RUNPATH_SEARCH_PATHS = "$(inherited) @executable_path/Frameworks @loader_path/Frameworks";
				PRODUCT_BUNDLE_IDENTIFIER = "Codepath.Tip-CalculatorUITests";
				PRODUCT_NAME = "$(TARGET_NAME)";
				TEST_TARGET_NAME = "Tip Calculator";
				USES_XCTRUNNER = YES;
			};
			name = Release;
		};
/* End XCBuildConfiguration section */

/* Begin XCConfigurationList section */
		965B22011C155A37004053AC /* Build configuration list for PBXProject "Tip Calculator" */ = {
			isa = XCConfigurationList;
			buildConfigurations = (
				965B222C1C155A37004053AC /* Debug */,
				965B222D1C155A37004053AC /* Release */,
			);
			defaultConfigurationIsVisible = 0;
			defaultConfigurationName = Release;
		};
		965B222E1C155A37004053AC /* Build configuration list for PBXNativeTarget "Tip Calculator" */ = {
			isa = XCConfigurationList;
			buildConfigurations = (
				965B222F1C155A37004053AC /* Debug */,
				965B22301C155A37004053AC /* Release */,
			);
			defaultConfigurationIsVisible = 0;
		};
		965B22311C155A37004053AC /* Build configuration list for PBXNativeTarget "Tip CalculatorTests" */ = {
			isa = XCConfigurationList;
			buildConfigurations = (
				965B22321C155A37004053AC /* Debug */,
				965B22331C155A37004053AC /* Release */,
			);
			defaultConfigurationIsVisible = 0;
		};
		965B22341C155A37004053AC /* Build configuration list for PBXNativeTarget "Tip CalculatorUITests" */ = {
			isa = XCConfigurationList;
			buildConfigurations = (
				965B22351C155A37004053AC /* Debug */,
				965B22361C155A37004053AC /* Release */,
			);
			defaultConfigurationIsVisible = 0;
		};
/* End XCConfigurationList section */
	};
	rootObject = 965B21FE1C155A37004053AC /* Project object */;
}
